
Microsoft Visual Studio Solution File, Format Version 12.00
# Visual Studio Version 17
VisualStudioVersion = 17.11.35312.102
MinimumVisualStudioVersion = 10.0.40219.1
Project("{9A19103F-16F7-4668-BE54-9A1E7A4F7556}") = "BikeBuddy", "BikeBuddy\BikeBuddy.csproj", "{279CED94-85DC-46DE-890A-B8553464BE92}"
EndProject
Global
	GlobalSection(SolutionConfigurationPlatforms) = preSolution
		Debug|Any CPU = Debug|Any CPU
		Release|Any CPU = Release|Any CPU
	EndGlobalSection
	GlobalSection(ProjectConfigurationPlatforms) = postSolution
		{279CED94-85DC-46DE-890A-B8553464BE92}.Debug|Any CPU.ActiveCfg = Debug|Any CPU
		{279CED94-85DC-46DE-890A-B8553464BE92}.Debug|Any CPU.Build.0 = Debug|Any CPU
		{279CED94-85DC-46DE-890A-B8553464BE92}.Release|Any CPU.ActiveCfg = Release|Any CPU
		{279CED94-85DC-46DE-890A-B8553464BE92}.Release|Any CPU.Build.0 = Release|Any CPU
	EndGlobalSection
	GlobalSection(SolutionProperties) = preSolution
		HideSolutionNode = FALSE
	EndGlobalSection
	GlobalSection(ExtensibilityGlobals) = postSolution
		SolutionGuid = {9EA98748-84AD-40A2-8406-3A3E9AEB2987}
	EndGlobalSection
EndGlobal
